<?xml version="1.0" encoding="utf-8"?>
<Project ToolsVersion="4.0" xmlns="http://schemas.microsoft.com/developer/msbuild/2003">
  <ItemGroup>
    <Filter Include="Файлы исходного кода">
      <UniqueIdentifier>{4FC737F1-C7A5-4376-A066-2A32D752A2FF}</UniqueIdentifier>
      <Extensions>cpp;c;cc;cxx;def;odl;idl;hpj;bat;asm;asmx</Extensions>
    </Filter>
    <Filter Include="lib">
      <UniqueIdentifier>{e5456cee-03c6-4874-9983-770fcc6ace09}</UniqueIdentifier>
    </Filter>
    <Filter Include="lib\memory">
      <UniqueIdentifier>{dd568bdf-5983-4cd8-bf91-ba35e7d3327f}</UniqueIdentifier>
    </Filter>
    <Filter Include="lib\display">
      <UniqueIdentifier>{a739e22c-12a2-444e-97a3-be32ff7f6307}</UniqueIdentifier>
    </Filter>
    <Filter Include="lib\interrupt">
      <UniqueIdentifier>{46c11f6e-0155-48ab-bac5-913578fcda0e}</UniqueIdentifier>
    </Filter>
    <Filter Include="lib\serialport">
      <UniqueIdentifier>{a26d8d07-d650-45a8-a472-dc7093b7c7d0}</UniqueIdentifier>
    </Filter>
    <Filter Include="lib\timer">
      <UniqueIdentifier>{cf45791b-652c-4ae3-a76b-1022148cc29d}</UniqueIdentifier>
    </Filter>
    <Filter Include="lib\messages">
      <UniqueIdentifier>{b33142ca-c160-43b9-8f38-5e2786c3684b}</UniqueIdentifier>
    </Filter>
    <Filter Include="lib\touchpad">
      <UniqueIdentifier>{bdcb7e04-8d85-4085-8f75-69335881afd7}</UniqueIdentifier>
    </Filter>
    <Filter Include="lib\debug">
      <UniqueIdentifier>{c5016a27-4468-4710-beb3-b52ed940f32d}</UniqueIdentifier>
    </Filter>
    <Filter Include="lib\hdd">
      <UniqueIdentifier>{9e4b3c7c-02f2-4114-af27-c7c733945e3c}</UniqueIdentifier>
    </Filter>
    <Filter Include="lib\process">
      <UniqueIdentifier>{b7e9c9c8-f785-4757-90a9-8d1878b58dde}</UniqueIdentifier>
    </Filter>
    <Filter Include="lib\systems">
      <UniqueIdentifier>{7470019a-b1c7-4ae5-b967-40a1fd6e8ae5}</UniqueIdentifier>
    </Filter>
    <Filter Include="lib\config">
      <UniqueIdentifier>{2b312e0b-a393-43a8-b067-ab7a0cd8c3df}</UniqueIdentifier>
    </Filter>
    <Filter Include="lib\math">
      <UniqueIdentifier>{105386c5-e962-400e-83f9-51248bcf9ff8}</UniqueIdentifier>
    </Filter>
    <Filter Include="lib\log">
      <UniqueIdentifier>{280bcb35-bcca-4211-b3bb-5a5f9b15f756}</UniqueIdentifier>
    </Filter>
    <Filter Include="lib\clock">
      <UniqueIdentifier>{18b56d29-fe64-44c7-aa5f-226ab89ca143}</UniqueIdentifier>
    </Filter>
    <Filter Include="lib\controls">
      <UniqueIdentifier>{ff62a133-0bbc-4c3e-87f5-a687e0e56d35}</UniqueIdentifier>
    </Filter>
    <Filter Include="lib\logic">
      <UniqueIdentifier>{e3e273df-2a77-413c-ae09-4069e4220f0d}</UniqueIdentifier>
    </Filter>
  </ItemGroup>
  <ItemGroup>
    <ClCompile Include="main.cpp">
      <Filter>Файлы исходного кода</Filter>
    </ClCompile>
    <ClCompile Include="..\lib\crc16.cpp">
      <Filter>lib</Filter>
    </ClCompile>
    <ClCompile Include="..\lib\crc32.cpp">
      <Filter>lib</Filter>
    </ClCompile>
    <ClCompile Include="..\lib\crt.cpp">
      <Filter>lib</Filter>
    </ClCompile>
    <ClCompile Include="..\lib\low.cpp">
      <Filter>lib</Filter>
    </ClCompile>
    <ClCompile Include="..\lib\string.cpp">
      <Filter>lib</Filter>
    </ClCompile>
    <ClCompile Include="..\lib\touchpad\touchpad.cpp">
      <Filter>lib\touchpad</Filter>
    </ClCompile>
    <ClCompile Include="..\lib\serialport\serialport.cpp">
      <Filter>lib\serialport</Filter>
    </ClCompile>
    <ClCompile Include="..\lib\memory\memory.cpp">
      <Filter>lib\memory</Filter>
    </ClCompile>
    <ClCompile Include="..\lib\interrupt\interrupt.cpp">
      <Filter>lib\interrupt</Filter>
    </ClCompile>
    <ClCompile Include="..\lib\display\display.cpp">
      <Filter>lib\display</Filter>
    </ClCompile>
    <ClCompile Include="..\lib\DEBUG\serialDebug.cpp">
      <Filter>lib\debug</Filter>
    </ClCompile>
    <ClCompile Include="..\lib\hdd\hdd.cpp">
      <Filter>lib\hdd</Filter>
    </ClCompile>
    <ClCompile Include="..\lib\hdd\hddManager.cpp">
      <Filter>lib\hdd</Filter>
    </ClCompile>
    <ClCompile Include="..\lib\process\process.cpp">
      <Filter>lib\process</Filter>
    </ClCompile>
    <ClCompile Include="..\lib\systems\fire.cpp">
      <Filter>lib\systems</Filter>
    </ClCompile>
    <ClCompile Include="..\lib\systems\monitoring.cpp">
      <Filter>lib\systems</Filter>
    </ClCompile>
    <ClCompile Include="..\lib\systems\rpk.cpp">
      <Filter>lib\systems</Filter>
    </ClCompile>
    <ClCompile Include="..\lib\systems\system.cpp">
      <Filter>lib\systems</Filter>
    </ClCompile>
    <ClCompile Include="..\lib\config\config.cpp">
      <Filter>lib\config</Filter>
    </ClCompile>
    <ClCompile Include="..\lib\application.cpp">
      <Filter>lib</Filter>
    </ClCompile>
    <ClCompile Include="..\lib\timer\timer.cpp">
      <Filter>lib\timer</Filter>
    </ClCompile>
    <ClCompile Include="..\lib\message\messages.cpp">
      <Filter>lib\messages</Filter>
    </ClCompile>
    <ClCompile Include="..\lib\math\math.cpp">
      <Filter>lib\math</Filter>
    </ClCompile>
    <ClCompile Include="..\lib\log\log.cpp">
      <Filter>lib\log</Filter>
    </ClCompile>
    <ClCompile Include="..\lib\clock\clock.cpp">
      <Filter>lib\clock</Filter>
    </ClCompile>
    <ClCompile Include="..\lib\systems\pws.cpp">
      <Filter>lib\systems</Filter>
    </ClCompile>
    <ClCompile Include="..\lib\controls\button.cpp">
      <Filter>lib\controls</Filter>
    </ClCompile>
    <ClCompile Include="..\lib\controls\clockControl.cpp">
      <Filter>lib\controls</Filter>
    </ClCompile>
    <ClCompile Include="..\lib\controls\control.cpp">
      <Filter>lib\controls</Filter>
    </ClCompile>
    <ClCompile Include="..\lib\controls\desktop.cpp">
      <Filter>lib\controls</Filter>
    </ClCompile>
    <ClCompile Include="..\lib\controls\infoPanel.cpp">
      <Filter>lib\controls</Filter>
    </ClCompile>
    <ClCompile Include="..\lib\controls\list.cpp">
      <Filter>lib\controls</Filter>
    </ClCompile>
    <ClCompile Include="..\lib\controls\logControl.cpp">
      <Filter>lib\controls</Filter>
    </ClCompile>
    <ClCompile Include="..\lib\controls\mainConfirmation.cpp">
      <Filter>lib\controls</Filter>
    </ClCompile>
    <ClCompile Include="..\lib\controls\mainFinish.cpp">
      <Filter>lib\controls</Filter>
    </ClCompile>
    <ClCompile Include="..\lib\controls\mainInfo.cpp">
      <Filter>lib\controls</Filter>
    </ClCompile>
    <ClCompile Include="..\lib\controls\mainTabControl.cpp">
      <Filter>lib\controls</Filter>
    </ClCompile>
    <ClCompile Include="..\lib\controls\tabControl.cpp">
      <Filter>lib\controls</Filter>
    </ClCompile>
    <ClCompile Include="..\lib\controls\toolsDate.cpp">
      <Filter>lib\controls</Filter>
    </ClCompile>
    <ClCompile Include="..\lib\controls\toolsJustirovka.cpp">
      <Filter>lib\controls</Filter>
    </ClCompile>
    <ClCompile Include="..\lib\controls\toolsLog.cpp">
      <Filter>lib\controls</Filter>
    </ClCompile>
    <ClCompile Include="..\lib\controls\toolsOff.cpp">
      <Filter>lib\controls</Filter>
    </ClCompile>
    <ClCompile Include="..\lib\controls\toolsTabControl.cpp">
      <Filter>lib\controls</Filter>
    </ClCompile>
    <ClCompile Include="..\lib\controls\toolsUpdate.cpp">
      <Filter>lib\controls</Filter>
    </ClCompile>
    <ClCompile Include="..\lib\controls\toolsUpdateFR.cpp">
      <Filter>lib\controls</Filter>
    </ClCompile>
    <ClCompile Include="..\lib\controls\toolsUpdatePC.cpp">
      <Filter>lib\controls</Filter>
    </ClCompile>
    <ClCompile Include="..\lib\controls\usoModeControl.cpp">
      <Filter>lib\controls</Filter>
    </ClCompile>
    <ClCompile Include="..\lib\logic\logic.cpp">
      <Filter>lib\logic</Filter>
    </ClCompile>
    <ClCompile Include="..\lib\systems\io.cpp">
      <Filter>lib\systems</Filter>
    </ClCompile>
  </ItemGroup>
  <ItemGroup>
    <ClInclude Include="..\lib\crc16.h">
      <Filter>lib</Filter>
    </ClInclude>
    <ClInclude Include="..\lib\crc32.h">
      <Filter>lib</Filter>
    </ClInclude>
    <ClInclude Include="..\lib\crt.h">
      <Filter>lib</Filter>
    </ClInclude>
    <ClInclude Include="..\lib\fifo.h">
      <Filter>lib</Filter>
    </ClInclude>
    <ClInclude Include="..\lib\low.h">
      <Filter>lib</Filter>
    </ClInclude>
    <ClInclude Include="..\lib\string.h">
      <Filter>lib</Filter>
    </ClInclude>
    <ClInclude Include="..\lib\touchpad\touchpad.h">
      <Filter>lib\touchpad</Filter>
    </ClInclude>
    <ClInclude Include="..\lib\serialport\serialport.h">
      <Filter>lib\serialport</Filter>
    </ClInclude>
    <ClInclude Include="..\lib\memory\memory.h">
      <Filter>lib\memory</Filter>
    </ClInclude>
    <ClInclude Include="..\lib\interrupt\interrupt.h">
      <Filter>lib\interrupt</Filter>
    </ClInclude>
    <ClInclude Include="..\lib\display\display.h">
      <Filter>lib\display</Filter>
    </ClInclude>
    <ClInclude Include="..\lib\display\fonts.h">
      <Filter>lib\display</Filter>
    </ClInclude>
    <ClInclude Include="..\lib\DEBUG\serialDebug.h">
      <Filter>lib\debug</Filter>
    </ClInclude>
    <ClInclude Include="..\lib\version.h">
      <Filter>lib</Filter>
    </ClInclude>
    <ClInclude Include="..\lib\hdd\hdd.h">
      <Filter>lib\hdd</Filter>
    </ClInclude>
    <ClInclude Include="..\lib\hdd\hddManager.h">
      <Filter>lib\hdd</Filter>
    </ClInclude>
    <ClInclude Include="..\lib\process\process.h">
      <Filter>lib\process</Filter>
    </ClInclude>
    <ClInclude Include="..\lib\systems\fire.h">
      <Filter>lib\systems</Filter>
    </ClInclude>
    <ClInclude Include="..\lib\systems\monitoring.h">
      <Filter>lib\systems</Filter>
    </ClInclude>
    <ClInclude Include="..\lib\systems\rpk.h">
      <Filter>lib\systems</Filter>
    </ClInclude>
    <ClInclude Include="..\lib\systems\system.h">
      <Filter>lib\systems</Filter>
    </ClInclude>
    <ClInclude Include="..\lib\config\configData.h">
      <Filter>lib\config</Filter>
    </ClInclude>
    <ClInclude Include="..\lib\config\config.h">
      <Filter>lib\config</Filter>
    </ClInclude>
    <ClInclude Include="..\lib\singleton.h">
      <Filter>lib</Filter>
    </ClInclude>
    <ClInclude Include="..\lib\root.h">
      <Filter>lib</Filter>
    </ClInclude>
    <ClInclude Include="..\lib\local.h">
      <Filter>lib</Filter>
    </ClInclude>
    <ClInclude Include="..\lib\application.h">
      <Filter>lib</Filter>
    </ClInclude>
    <ClInclude Include="..\lib\timer\timer.h">
      <Filter>lib\timer</Filter>
    </ClInclude>
    <ClInclude Include="..\lib\message\messages.h">
      <Filter>lib\messages</Filter>
    </ClInclude>
    <ClInclude Include="..\lib\math\math.h">
      <Filter>lib\math</Filter>
    </ClInclude>
    <ClInclude Include="..\lib\log\log.h">
      <Filter>lib\log</Filter>
    </ClInclude>
    <ClInclude Include="..\lib\clock\clock.h">
      <Filter>lib\clock</Filter>
    </ClInclude>
    <ClInclude Include="..\lib\systems\pws.h">
      <Filter>lib\systems</Filter>
    </ClInclude>
    <ClInclude Include="..\lib\controls\button.h">
      <Filter>lib\controls</Filter>
    </ClInclude>
    <ClInclude Include="..\lib\controls\clockControl.h">
      <Filter>lib\controls</Filter>
    </ClInclude>
    <ClInclude Include="..\lib\controls\control.h">
      <Filter>lib\controls</Filter>
    </ClInclude>
    <ClInclude Include="..\lib\controls\desktop.h">
      <Filter>lib\controls</Filter>
    </ClInclude>
    <ClInclude Include="..\lib\controls\infoPanel.h">
      <Filter>lib\controls</Filter>
    </ClInclude>
    <ClInclude Include="..\lib\controls\label.h">
      <Filter>lib\controls</Filter>
    </ClInclude>
    <ClInclude Include="..\lib\controls\list.h">
      <Filter>lib\controls</Filter>
    </ClInclude>
    <ClInclude Include="..\lib\controls\logControl.h">
      <Filter>lib\controls</Filter>
    </ClInclude>
    <ClInclude Include="..\lib\controls\mainConfirmation.h">
      <Filter>lib\controls</Filter>
    </ClInclude>
    <ClInclude Include="..\lib\controls\mainFinish.h">
      <Filter>lib\controls</Filter>
    </ClInclude>
    <ClInclude Include="..\lib\controls\mainInfo.h">
      <Filter>lib\controls</Filter>
    </ClInclude>
    <ClInclude Include="..\lib\controls\mainTabControl.h">
      <Filter>lib\controls</Filter>
    </ClInclude>
    <ClInclude Include="..\lib\controls\panel.h">
      <Filter>lib\controls</Filter>
    </ClInclude>
    <ClInclude Include="..\lib\controls\tabControl.h">
      <Filter>lib\controls</Filter>
    </ClInclude>
    <ClInclude Include="..\lib\controls\toolsDate.h">
      <Filter>lib\controls</Filter>
    </ClInclude>
    <ClInclude Include="..\lib\controls\toolsJustirovka.h">
      <Filter>lib\controls</Filter>
    </ClInclude>
    <ClInclude Include="..\lib\controls\toolsLog.h">
      <Filter>lib\controls</Filter>
    </ClInclude>
    <ClInclude Include="..\lib\controls\toolsOff.h">
      <Filter>lib\controls</Filter>
    </ClInclude>
    <ClInclude Include="..\lib\controls\toolsTabControl.h">
      <Filter>lib\controls</Filter>
    </ClInclude>
    <ClInclude Include="..\lib\controls\toolsUpdate.h">
      <Filter>lib\controls</Filter>
    </ClInclude>
    <ClInclude Include="..\lib\controls\toolsUpdateFR.h">
      <Filter>lib\controls</Filter>
    </ClInclude>
    <ClInclude Include="..\lib\controls\toolsUpdatePC.h">
      <Filter>lib\controls</Filter>
    </ClInclude>
    <ClInclude Include="..\lib\controls\ui.h">
      <Filter>lib\controls</Filter>
    </ClInclude>
    <ClInclude Include="..\lib\controls\usoModeControl.h">
      <Filter>lib\controls</Filter>
    </ClInclude>
    <ClInclude Include="..\lib\controls\window.h">
      <Filter>lib\controls</Filter>
    </ClInclude>
    <ClInclude Include="..\lib\logic\logic.h">
      <Filter>lib\logic</Filter>
    </ClInclude>
    <ClInclude Include="..\lib\systems\io.h">
      <Filter>lib\systems</Filter>
    </ClInclude>
  </ItemGroup>
</Project>